
Microsoft Visual Studio Solution File, Format Version 12.00
# Visual Studio Version 17
VisualStudioVersion = 17.14.36109.1
MinimumVisualStudioVersion = 10.0.40219.1
Project("{FAE04EC0-301F-11D3-BF4B-00C04F79EFBC}") = "ItlaInvestmentApp", "ItlaInvestmentApp\ItlaInvestmentApp.csproj", "{00E27FBE-2FF5-4BD8-8A24-88F5BA370071}"
EndProject
Project("{FAE04EC0-301F-11D3-BF4B-00C04F79EFBC}") = "InvestmentApp.Core.Application", "Application\InvestmentApp.Core.Application.csproj", "{FE0C0597-FFC1-4DAA-B911-A354DDFDE5BB}"
EndProject
Project("{FAE04EC0-301F-11D3-BF4B-00C04F79EFBC}") = "InvestmentApp.Infrastructure.Persistence", "Persistence\InvestmentApp.Infrastructure.Persistence.csproj", "{2E92695D-2E8C-4B3C-BBC3-8B82EC83351D}"
EndProject
Project("{2150E333-8FDC-42A3-9474-1A3956D46DE8}") = "Source", "Source", "{02EA681E-C7D8-13C7-8484-4AC65E1B71E8}"
EndProject
Project("{2150E333-8FDC-42A3-9474-1A3956D46DE8}") = "Core", "Core", "{A022AEB9-AE4A-4A3A-865D-ABDCD0F13791}"
EndProject
Project("{2150E333-8FDC-42A3-9474-1A3956D46DE8}") = "Infrastructure", "Infrastructure", "{A11EE681-5500-47F1-9831-BC23F6EEA743}"
EndProject
Project("{2150E333-8FDC-42A3-9474-1A3956D46DE8}") = "Presentation", "Presentation", "{E8B72C8D-A5E9-4E08-B7D0-EE5F0E1FD990}"
EndProject
Project("{2150E333-8FDC-42A3-9474-1A3956D46DE8}") = "WebApp", "WebApp", "{4CF4764F-964E-4982-A651-5B82F4E73968}"
EndProject
Project("{FAE04EC0-301F-11D3-BF4B-00C04F79EFBC}") = "InvestmentApp.Core.Domain", "InvestmentApp.Core.Domain\InvestmentApp.Core.Domain.csproj", "{1381DD6C-4FDA-4A11-B828-7EE1743A47FE}"
EndProject
Project("{FAE04EC0-301F-11D3-BF4B-00C04F79EFBC}") = "InvestmentApp.Infrastructure.Shared", "InvestmentApp.Infrastructure.Shared\InvestmentApp.Infrastructure.Shared.csproj", "{4358CB82-81C7-4155-AF19-10BB48DFD0DB}"
EndProject
Project("{FAE04EC0-301F-11D3-BF4B-00C04F79EFBC}") = "InvestmentApp.Infrastructure.Identity", "InvestmentApp.Infrastructure.Identity\InvestmentApp.Infrastructure.Identity.csproj", "{4559BD03-4293-4AD4-AE7F-BE4E8350BECE}"
EndProject
Project("{2150E333-8FDC-42A3-9474-1A3956D46DE8}") = "WebApi", "WebApi", "{157D2967-2366-4D47-BD7B-FD29A5E9DB62}"
EndProject
Project("{FAE04EC0-301F-11D3-BF4B-00C04F79EFBC}") = "InvestmentApi", "InvestmentApi\InvestmentApi.csproj", "{FC8B2453-5AC0-4A64-B099-F034B904DA0B}"
EndProject
Project("{2150E333-8FDC-42A3-9474-1A3956D46DE8}") = "Tests", "Tests", "{3D4AA8CF-951C-48FC-95F7-5636AB49E232}"
EndProject
Project("{FAE04EC0-301F-11D3-BF4B-00C04F79EFBC}") = "InvestmentApp.Unit.Tests", "InvestmentApp.Unit.Tests\InvestmentApp.Unit.Tests.csproj", "{8A467853-3B5C-49AF-96BD-68471039B5EB}"
EndProject
Project("{FAE04EC0-301F-11D3-BF4B-00C04F79EFBC}") = "InvestmentApp.Integration.Tests", "InvestmentApp.Integration.Tests\InvestmentApp.Integration.Tests.csproj", "{829DEA7D-916E-4177-88FD-D7D7CCD0B3AF}"
EndProject
Project("{2150E333-8FDC-42A3-9474-1A3956D46DE8}") = "Azure functions", "Azure functions", "{D2D27F8F-FD58-4831-9360-47CCC2B3B7E6}"
EndProject
Project("{FAE04EC0-301F-11D3-BF4B-00C04F79EFBC}") = "VerifyNewAssetValue", "VerifyNewAssetValue\VerifyNewAssetValue.csproj", "{E66C4EED-4EFC-618B-4210-7B8FAF3173DF}"
EndProject
Global
	GlobalSection(SolutionConfigurationPlatforms) = preSolution
		Debug|Any CPU = Debug|Any CPU
		Release|Any CPU = Release|Any CPU
	EndGlobalSection
	GlobalSection(ProjectConfigurationPlatforms) = postSolution
		{00E27FBE-2FF5-4BD8-8A24-88F5BA370071}.Debug|Any CPU.ActiveCfg = Debug|Any CPU
		{00E27FBE-2FF5-4BD8-8A24-88F5BA370071}.Debug|Any CPU.Build.0 = Debug|Any CPU
		{00E27FBE-2FF5-4BD8-8A24-88F5BA370071}.Release|Any CPU.ActiveCfg = Release|Any CPU
		{00E27FBE-2FF5-4BD8-8A24-88F5BA370071}.Release|Any CPU.Build.0 = Release|Any CPU
		{FE0C0597-FFC1-4DAA-B911-A354DDFDE5BB}.Debug|Any CPU.ActiveCfg = Debug|Any CPU
		{FE0C0597-FFC1-4DAA-B911-A354DDFDE5BB}.Debug|Any CPU.Build.0 = Debug|Any CPU
		{FE0C0597-FFC1-4DAA-B911-A354DDFDE5BB}.Release|Any CPU.ActiveCfg = Release|Any CPU
		{FE0C0597-FFC1-4DAA-B911-A354DDFDE5BB}.Release|Any CPU.Build.0 = Release|Any CPU
		{2E92695D-2E8C-4B3C-BBC3-8B82EC83351D}.Debug|Any CPU.ActiveCfg = Debug|Any CPU
		{2E92695D-2E8C-4B3C-BBC3-8B82EC83351D}.Debug|Any CPU.Build.0 = Debug|Any CPU
		{2E92695D-2E8C-4B3C-BBC3-8B82EC83351D}.Release|Any CPU.ActiveCfg = Release|Any CPU
		{2E92695D-2E8C-4B3C-BBC3-8B82EC83351D}.Release|Any CPU.Build.0 = Release|Any CPU
		{1381DD6C-4FDA-4A11-B828-7EE1743A47FE}.Debug|Any CPU.ActiveCfg = Debug|Any CPU
		{1381DD6C-4FDA-4A11-B828-7EE1743A47FE}.Debug|Any CPU.Build.0 = Debug|Any CPU
		{1381DD6C-4FDA-4A11-B828-7EE1743A47FE}.Release|Any CPU.ActiveCfg = Release|Any CPU
		{1381DD6C-4FDA-4A11-B828-7EE1743A47FE}.Release|Any CPU.Build.0 = Release|Any CPU
		{4358CB82-81C7-4155-AF19-10BB48DFD0DB}.Debug|Any CPU.ActiveCfg = Debug|Any CPU
		{4358CB82-81C7-4155-AF19-10BB48DFD0DB}.Debug|Any CPU.Build.0 = Debug|Any CPU
		{4358CB82-81C7-4155-AF19-10BB48DFD0DB}.Release|Any CPU.ActiveCfg = Release|Any CPU
		{4358CB82-81C7-4155-AF19-10BB48DFD0DB}.Release|Any CPU.Build.0 = Release|Any CPU
		{4559BD03-4293-4AD4-AE7F-BE4E8350BECE}.Debug|Any CPU.ActiveCfg = Debug|Any CPU
		{4559BD03-4293-4AD4-AE7F-BE4E8350BECE}.Debug|Any CPU.Build.0 = Debug|Any CPU
		{4559BD03-4293-4AD4-AE7F-BE4E8350BECE}.Release|Any CPU.ActiveCfg = Release|Any CPU
		{4559BD03-4293-4AD4-AE7F-BE4E8350BECE}.Release|Any CPU.Build.0 = Release|Any CPU
		{FC8B2453-5AC0-4A64-B099-F034B904DA0B}.Debug|Any CPU.ActiveCfg = Debug|Any CPU
		{FC8B2453-5AC0-4A64-B099-F034B904DA0B}.Debug|Any CPU.Build.0 = Debug|Any CPU
		{FC8B2453-5AC0-4A64-B099-F034B904DA0B}.Release|Any CPU.ActiveCfg = Release|Any CPU
		{FC8B2453-5AC0-4A64-B099-F034B904DA0B}.Release|Any CPU.Build.0 = Release|Any CPU
		{8A467853-3B5C-49AF-96BD-68471039B5EB}.Debug|Any CPU.ActiveCfg = Debug|Any CPU
		{8A467853-3B5C-49AF-96BD-68471039B5EB}.Debug|Any CPU.Build.0 = Debug|Any CPU
		{8A467853-3B5C-49AF-96BD-68471039B5EB}.Release|Any CPU.ActiveCfg = Release|Any CPU
		{8A467853-3B5C-49AF-96BD-68471039B5EB}.Release|Any CPU.Build.0 = Release|Any CPU
		{829DEA7D-916E-4177-88FD-D7D7CCD0B3AF}.Debug|Any CPU.ActiveCfg = Debug|Any CPU
		{829DEA7D-916E-4177-88FD-D7D7CCD0B3AF}.Debug|Any CPU.Build.0 = Debug|Any CPU
		{829DEA7D-916E-4177-88FD-D7D7CCD0B3AF}.Release|Any CPU.ActiveCfg = Release|Any CPU
		{829DEA7D-916E-4177-88FD-D7D7CCD0B3AF}.Release|Any CPU.Build.0 = Release|Any CPU
		{E66C4EED-4EFC-618B-4210-7B8FAF3173DF}.Debug|Any CPU.ActiveCfg = Debug|Any CPU
		{E66C4EED-4EFC-618B-4210-7B8FAF3173DF}.Debug|Any CPU.Build.0 = Debug|Any CPU
		{E66C4EED-4EFC-618B-4210-7B8FAF3173DF}.Release|Any CPU.ActiveCfg = Release|Any CPU
		{E66C4EED-4EFC-618B-4210-7B8FAF3173DF}.Release|Any CPU.Build.0 = Release|Any CPU
	EndGlobalSection
	GlobalSection(SolutionProperties) = preSolution
		HideSolutionNode = FALSE
	EndGlobalSection
	GlobalSection(NestedProjects) = preSolution
		{00E27FBE-2FF5-4BD8-8A24-88F5BA370071} = {4CF4764F-964E-4982-A651-5B82F4E73968}
		{FE0C0597-FFC1-4DAA-B911-A354DDFDE5BB} = {A022AEB9-AE4A-4A3A-865D-ABDCD0F13791}
		{2E92695D-2E8C-4B3C-BBC3-8B82EC83351D} = {A11EE681-5500-47F1-9831-BC23F6EEA743}
		{A022AEB9-AE4A-4A3A-865D-ABDCD0F13791} = {02EA681E-C7D8-13C7-8484-4AC65E1B71E8}
		{A11EE681-5500-47F1-9831-BC23F6EEA743} = {02EA681E-C7D8-13C7-8484-4AC65E1B71E8}
		{E8B72C8D-A5E9-4E08-B7D0-EE5F0E1FD990} = {02EA681E-C7D8-13C7-8484-4AC65E1B71E8}
		{4CF4764F-964E-4982-A651-5B82F4E73968} = {E8B72C8D-A5E9-4E08-B7D0-EE5F0E1FD990}
		{1381DD6C-4FDA-4A11-B828-7EE1743A47FE} = {A022AEB9-AE4A-4A3A-865D-ABDCD0F13791}
		{4358CB82-81C7-4155-AF19-10BB48DFD0DB} = {A11EE681-5500-47F1-9831-BC23F6EEA743}
		{4559BD03-4293-4AD4-AE7F-BE4E8350BECE} = {A11EE681-5500-47F1-9831-BC23F6EEA743}
		{157D2967-2366-4D47-BD7B-FD29A5E9DB62} = {E8B72C8D-A5E9-4E08-B7D0-EE5F0E1FD990}
		{FC8B2453-5AC0-4A64-B099-F034B904DA0B} = {157D2967-2366-4D47-BD7B-FD29A5E9DB62}
		{3D4AA8CF-951C-48FC-95F7-5636AB49E232} = {02EA681E-C7D8-13C7-8484-4AC65E1B71E8}
		{8A467853-3B5C-49AF-96BD-68471039B5EB} = {3D4AA8CF-951C-48FC-95F7-5636AB49E232}
		{829DEA7D-916E-4177-88FD-D7D7CCD0B3AF} = {3D4AA8CF-951C-48FC-95F7-5636AB49E232}
		{D2D27F8F-FD58-4831-9360-47CCC2B3B7E6} = {E8B72C8D-A5E9-4E08-B7D0-EE5F0E1FD990}
		{E66C4EED-4EFC-618B-4210-7B8FAF3173DF} = {D2D27F8F-FD58-4831-9360-47CCC2B3B7E6}
	EndGlobalSection
	GlobalSection(ExtensibilityGlobals) = postSolution
		SolutionGuid = {C41C9C42-C3FF-4AC2-B60F-E4420E06DB8E}
	EndGlobalSection
EndGlobal
